
Microsoft Visual Studio Solution File, Format Version 12.00
# Visual Studio Version 17
VisualStudioVersion = 17.12.35527.113 d17.12
MinimumVisualStudioVersion = 10.0.40219.1
Project("{FAE04EC0-301F-11D3-BF4B-00C04F79EFBC}") = "Dapper.Compose", "Dapper.Compose\Dapper.Compose.csproj", "{26304371-A28D-4942-89F2-86BDD898B7A5}"
EndProject
Project("{FAE04EC0-301F-11D3-BF4B-00C04F79EFBC}") = "ComposeTests", "ComposeTests\ComposeTests.csproj", "{BA4813E0-E3C9-4200-8402-2697DF1E6492}"
EndProject
Global
	GlobalSection(SolutionConfigurationPlatforms) = preSolution
		Debug|Any CPU = Debug|Any CPU
		Release|Any CPU = Release|Any CPU
	EndGlobalSection
	GlobalSection(ProjectConfigurationPlatforms) = postSolution
		{26304371-A28D-4942-89F2-86BDD898B7A5}.Debug|Any CPU.ActiveCfg = Debug|Any CPU
		{26304371-A28D-4942-89F2-86BDD898B7A5}.Debug|Any CPU.Build.0 = Debug|Any CPU
		{26304371-A28D-4942-89F2-86BDD898B7A5}.Release|Any CPU.ActiveCfg = Release|Any CPU
		{26304371-A28D-4942-89F2-86BDD898B7A5}.Release|Any CPU.Build.0 = Release|Any CPU
		{BA4813E0-E3C9-4200-8402-2697DF1E6492}.Debug|Any CPU.ActiveCfg = Debug|Any CPU
		{BA4813E0-E3C9-4200-8402-2697DF1E6492}.Debug|Any CPU.Build.0 = Debug|Any CPU
		{BA4813E0-E3C9-4200-8402-2697DF1E6492}.Release|Any CPU.ActiveCfg = Release|Any CPU
		{BA4813E0-E3C9-4200-8402-2697DF1E6492}.Release|Any CPU.Build.0 = Release|Any CPU
	EndGlobalSection
	GlobalSection(SolutionProperties) = preSolution
		HideSolutionNode = FALSE
	EndGlobalSection
	GlobalSection(ExtensibilityGlobals) = postSolution
		SolutionGuid = {A0CBE8D1-3EA6-4D40-ADFA-FF9F169F592A}
	EndGlobalSection
EndGlobal
